{
  "name": "nodejs-aliyun-ddns",
  "version": "1.0.0",
  "lockfileVersion": 1,
  "requires": true,
  "dependencies": {
    "@alicloud/alidns20150109": {
      "version": "2.0.1",
      "resolved": "http://verdaccio.luckincoffee.com/@alicloud%2falidns20150109/-/alidns20150109-2.0.1.tgz",
      "integrity": "sha1-QW+0fTcicO2fpDsY82m/D0sX1sI=",
      "requires": {
        "@alicloud/endpoint-util": "^0.0.1",
        "@alicloud/openapi-client": "^0.2.1",
        "@alicloud/rpc-client": "^1.3.1",
        "@alicloud/tea-typescript": "^1.7.2",
        "@alicloud/tea-util": "^1.4.0"
      },
      "dependencies": {
        "@alicloud/openapi-client": {
          "version": "0.2.1",
          "resolved": "http://verdaccio.luckincoffee.com/@alicloud%2fopenapi-client/-/openapi-client-0.2.1.tgz",
          "integrity": "sha1-73L0Krb6AXbCNZr50TaSazmBX+s=",
          "requires": {
            "@alicloud/credentials": "^2",
            "@alicloud/openapi-util": "^0.1.3",
            "@alicloud/tea-typescript": "^1.7.2",
            "@alicloud/tea-util": "^1.4.0"
          }
        },
        "@alicloud/openapi-util": {
          "version": "0.1.3",
          "resolved": "http://verdaccio.luckincoffee.com/@alicloud%2fopenapi-util/-/openapi-util-0.1.3.tgz",
          "integrity": "sha1-sX29DVEolcGAqnTVXw+gF2dgo20=",
          "requires": {
            "@alicloud/tea-typescript": "^1.7.2",
            "@alicloud/tea-util": "^1.3.0",
            "kitx": "^2.1.0"
          }
        },
        "@alicloud/tea-typescript": {
          "version": "1.7.2",
          "resolved": "http://verdaccio.luckincoffee.com/@alicloud%2ftea-typescript/-/tea-typescript-1.7.2.tgz",
          "integrity": "sha1-H5uvEJP/n4ZfK2CRwroWaq/RBsw=",
          "requires": {
            "@types/node": "^12.0.2",
            "httpx": "^2.2.6"
          }
        },
        "httpx": {
          "version": "2.2.7",
          "resolved": "http://verdaccio.luckincoffee.com/httpx/-/httpx-2.2.7.tgz",
          "integrity": "sha1-HjQZgUbjLKMwWmbBEglVnhy+ugk=",
          "requires": {
            "@types/node": "^14",
            "debug": "^4.1.1"
          },
          "dependencies": {
            "@types/node": {
              "version": "14.18.0",
              "resolved": "http://verdaccio.luckincoffee.com/@types%2fnode/-/node-14.18.0.tgz",
              "integrity": "sha512-0GeIl2kmVMXEnx8tg1SlG6Gg8vkqirrW752KqolYo1PHevhhZN3bhJ67qHj+bQaINhX0Ra3TlWwRvMCd9iEfNQ=="
            }
          }
        }
      }
    },
    "@alicloud/credentials": {
      "version": "2.2.0",
      "resolved": "http://verdaccio.luckincoffee.com/@alicloud%2fcredentials/-/credentials-2.2.0.tgz",
      "integrity": "sha1-HskJIh5JmEJAw7Qu8Emwedr0Qmw=",
      "requires": {
        "@alicloud/tea-typescript": "^1.5.3",
        "httpx": "^2.2.0",
        "ini": "^1.3.5",
        "kitx": "^2.0.0"
      },
      "dependencies": {
        "kitx": {
          "version": "2.1.0",
          "resolved": "http://verdaccio.luckincoffee.com/kitx/-/kitx-2.1.0.tgz",
          "integrity": "sha1-/H+/eOtu16Wj/S16+zAR4p0ORMg=",
          "requires": {
            "@types/node": "^12.0.2"
          }
        }
      }
    },
    "@alicloud/endpoint-util": {
      "version": "0.0.1",
      "resolved": "http://verdaccio.luckincoffee.com/@alicloud%2fendpoint-util/-/endpoint-util-0.0.1.tgz",
      "integrity": "sha1-sjf14E43OrtUxCEZN3swvWr7Gnw=",
      "requires": {
        "@alicloud/tea-typescript": "^1.5.1",
        "kitx": "^2.0.0"
      }
    },
    "@alicloud/gateway-spi": {
      "version": "0.0.8",
      "resolved": "http://verdaccio.luckincoffee.com/@alicloud%2fgateway-spi/-/gateway-spi-0.0.8.tgz",
      "integrity": "sha512-KM7fu5asjxZPmrz9sJGHJeSU+cNQNOxW+SFmgmAIrITui5hXL2LB+KNRuzWmlwPjnuA2X3/keq9h6++S9jcV5g==",
      "requires": {
        "@alicloud/credentials": "^2",
        "@alicloud/tea-typescript": "^1.7.1"
      }
    },
    "@alicloud/openapi-client": {
      "version": "0.4.0",
      "resolved": "http://verdaccio.luckincoffee.com/@alicloud%2fopenapi-client/-/openapi-client-0.4.0.tgz",
      "integrity": "sha512-3MBjkUS0toPUo9a15GnYBXDr5awFwhqNjb4SNeaeUAPpDn2uHTu8R9SwK5n6+OHAj5v2K0EMeUAzOO4CkWVuVA==",
      "requires": {
        "@alicloud/credentials": "^2",
        "@alicloud/gateway-spi": "^0.0.8",
        "@alicloud/openapi-util": "^0.2.4",
        "@alicloud/tea-typescript": "^1.7.1",
        "@alicloud/tea-util": "^1.4.0"
      }
    },
    "@alicloud/openapi-util": {
      "version": "0.2.7",
      "resolved": "http://verdaccio.luckincoffee.com/@alicloud%2fopenapi-util/-/openapi-util-0.2.7.tgz",
      "integrity": "sha512-OrV8V8akkxV3itfKZXZrbtnnBgMbSU6rM6BuNL8cv3ZYdAJUGZQcp3757KPDwwHXn4e/L6TkcgL4HRQXondBYg==",
      "requires": {
        "@alicloud/tea-typescript": "^1.7.1",
        "@alicloud/tea-util": "^1.3.0",
        "kitx": "^2.1.0",
        "sm3": "^1.0.3"
      },
      "dependencies": {
        "kitx": {
          "version": "2.1.0",
          "resolved": "http://verdaccio.luckincoffee.com/kitx/-/kitx-2.1.0.tgz",
          "integrity": "sha1-/H+/eOtu16Wj/S16+zAR4p0ORMg=",
          "requires": {
            "@types/node": "^12.0.2"
          }
        }
      }
    },
    "@alicloud/rpc-client": {
      "version": "1.3.2",
      "resolved": "http://verdaccio.luckincoffee.com/@alicloud%2frpc-client/-/rpc-client-1.3.2.tgz",
      "integrity": "sha1-ZoTwCP0BsYSNqBA2jPv/FjrZJ3k=",
      "requires": {
        "@alicloud/credentials": "^2",
        "@alicloud/rpc-util": "^0.1.0",
        "@alicloud/tea-typescript": "^1.6.0",
        "@alicloud/tea-util": "^1.4.0"
      }
    },
    "@alicloud/rpc-util": {
      "version": "0.1.0",
      "resolved": "http://verdaccio.luckincoffee.com/@alicloud%2frpc-util/-/rpc-util-0.1.0.tgz",
      "integrity": "sha1-9vQxzxkG8QkKJ9CzfSaWvidY2vk=",
      "requires": {
        "@alicloud/tea-typescript": "^1",
        "@types/xml2js": "^0.4.5",
        "kitx": "^2.0.0",
        "xml2js": "^0.4.22"
      }
    },
    "@alicloud/tea-typescript": {
      "version": "1.7.2",
      "resolved": "http://verdaccio.luckincoffee.com/@alicloud%2ftea-typescript/-/tea-typescript-1.7.2.tgz",
      "integrity": "sha1-H5uvEJP/n4ZfK2CRwroWaq/RBsw=",
      "requires": {
        "@types/node": "^12.0.2",
        "httpx": "^2.2.6"
      },
      "dependencies": {
        "debug": {
          "version": "4.3.3",
          "resolved": "http://verdaccio.luckincoffee.com/debug/-/debug-4.3.3.tgz",
          "integrity": "sha512-/zxw5+vh1Tfv+4Qn7a5nsbcJKPaSvCDhojn6FEl9vupwK2VCSDtEiEtqr8DFtzYFOdz63LBkxec7DYuc2jon6Q==",
          "requires": {
            "ms": "2.1.2"
          }
        },
        "httpx": {
          "version": "2.2.7",
          "resolved": "http://verdaccio.luckincoffee.com/httpx/-/httpx-2.2.7.tgz",
          "integrity": "sha1-HjQZgUbjLKMwWmbBEglVnhy+ugk=",
          "requires": {
            "@types/node": "^14",
            "debug": "^4.1.1"
          },
          "dependencies": {
            "@types/node": {
              "version": "14.18.0",
              "resolved": "http://verdaccio.luckincoffee.com/@types%2fnode/-/node-14.18.0.tgz",
              "integrity": "sha512-0GeIl2kmVMXEnx8tg1SlG6Gg8vkqirrW752KqolYo1PHevhhZN3bhJ67qHj+bQaINhX0Ra3TlWwRvMCd9iEfNQ=="
            }
          }
        }
      }
    },
    "@alicloud/tea-util": {
      "version": "1.4.2",
      "resolved": "http://verdaccio.luckincoffee.com/@alicloud%2ftea-util/-/tea-util-1.4.2.tgz",
      "integrity": "sha1-cugc79Y02BJywmk2TBlN5wURQFw=",
      "requires": {
        "@alicloud/tea-typescript": "^1.5.1",
        "kitx": "^2.0.0"
      },
      "dependencies": {
        "kitx": {
          "version": "2.1.0",
          "resolved": "http://verdaccio.luckincoffee.com/kitx/-/kitx-2.1.0.tgz",
          "integrity": "sha1-/H+/eOtu16Wj/S16+zAR4p0ORMg=",
          "requires": {
            "@types/node": "^12.0.2"
          }
        }
      }
    },
    "@types/node": {
      "version": "12.12.25",
      "resolved": "http://r.cnpmjs.org/@types/node/download/@types/node-12.12.25.tgz",
      "integrity": "sha1-eSwK+3mPHdaB3OnEtMQx9yRaCkI="
    },
    "@types/xml2js": {
      "version": "0.4.9",
      "resolved": "http://verdaccio.luckincoffee.com/@types%2fxml2js/-/xml2js-0.4.9.tgz",
      "integrity": "sha1-o4Jn2ML+EhyWkisS7jvYmlim4g4=",
      "requires": {
        "@types/node": "*"
      }
    },
    "axios": {
      "version": "0.24.0",
      "resolved": "http://verdaccio.luckincoffee.com/axios/-/axios-0.24.0.tgz",
      "integrity": "sha1-gE5voeS5xSiFAd2d/1anoJQNINY=",
      "requires": {
        "follow-redirects": "^1.14.4"
      }
    },
    "debug": {
      "version": "4.3.3",
      "resolved": "http://verdaccio.luckincoffee.com/debug/-/debug-4.3.3.tgz",
      "integrity": "sha512-/zxw5+vh1Tfv+4Qn7a5nsbcJKPaSvCDhojn6FEl9vupwK2VCSDtEiEtqr8DFtzYFOdz63LBkxec7DYuc2jon6Q==",
      "requires": {
        "ms": "2.1.2"
      }
    },
    "follow-redirects": {
      "version": "1.14.8",
      "resolved": "https://registry.npmjs.org/follow-redirects/-/follow-redirects-1.14.8.tgz",
      "integrity": "sha512-1x0S9UVJHsQprFcEC/qnNzBLcIxsjAV905f/UkQxbclCsoTWlacCNOpQa/anodLl2uaEKFhfWOvM2Qg77+15zA=="
    },
    "httpx": {
      "version": "2.2.2",
      "resolved": "http://r.cnpmjs.org/httpx/download/httpx-2.2.2.tgz",
      "integrity": "sha1-fiYjNDtcuUJOmt2TRw7Z1gtLSPk=",
      "requires": {
        "@types/node": "^12.0.2",
        "debug": "^4.1.1"
      },
      "dependencies": {
        "debug": {
          "version": "4.1.1",
          "resolved": "http://r.cnpmjs.org/debug/download/debug-4.1.1.tgz",
          "integrity": "sha1-O3ImAlUQnGtYnO4FDx1RYTlmR5E=",
          "requires": {
            "ms": "^2.1.1"
          }
        }
      }
    },
    "ini": {
      "version": "1.3.8",
      "resolved": "http://verdaccio.luckincoffee.com/ini/-/ini-1.3.8.tgz",
      "integrity": "sha1-op2kJbSIBvNHZ6Tvzjlyaa8oQyw="
    },
    "kitx": {
      "version": "2.1.0",
      "resolved": "http://verdaccio.luckincoffee.com/kitx/-/kitx-2.1.0.tgz",
      "integrity": "sha1-/H+/eOtu16Wj/S16+zAR4p0ORMg=",
      "requires": {
        "@types/node": "^12.0.2"
      }
    },
    "minimist": {
      "version": "1.2.5",
      "resolved": "http://verdaccio.luckincoffee.com/minimist/-/minimist-1.2.5.tgz",
      "integrity": "sha1-Z9ZgFLZqaoqqDAg8X9WN9OTpdgI="
    },
    "ms": {
      "version": "2.1.2",
      "resolved": "http://r.cnpmjs.org/ms/download/ms-2.1.2.tgz",
      "integrity": "sha1-0J0fNXtEP0kzgqjrPM0YOHKuYAk="
    },
    "sax": {
      "version": "1.2.4",
      "resolved": "http://verdaccio.luckincoffee.com/sax/-/sax-1.2.4.tgz",
      "integrity": "sha1-KBYjTiN4vdxOU1T6tcqold9xANk="
    },
    "sm3": {
      "version": "1.0.3",
      "resolved": "http://verdaccio.luckincoffee.com/sm3/-/sm3-1.0.3.tgz",
      "integrity": "sha1-AFHwzJSMmDlEhDE257qiRO7FzUk="
    },
    "xml2js": {
      "version": "0.4.23",
      "resolved": "http://verdaccio.luckincoffee.com/xml2js/-/xml2js-0.4.23.tgz",
      "integrity": "sha1-oMaVFnUkIesqx1juTUzPWIQ+rGY=",
      "requires": {
        "sax": ">=0.6.0",
        "xmlbuilder": "~11.0.0"
      }
    },
    "xmlbuilder": {
      "version": "11.0.1",
      "resolved": "http://verdaccio.luckincoffee.com/xmlbuilder/-/xmlbuilder-11.0.1.tgz",
      "integrity": "sha512-fDlsI/kFEx7gLvbecc0/ohLG50fugQp8ryHzMTuW9vSa1GJ0XYWKnhsUx7oie3G98+r56aTQIUB4kht42R3JvA=="
    }
  }
}
